{
  "name": "fixture-vite-react",
  "lockfileVersion": 3,
  "requires": true,
  "packages": {
    "": {
      "name": "fixture-vite-react",
      "dependencies": {
        "react": "^19.0.0",
        "vite": "^7.0.0"
      },
      "devDependencies": {
        "typescript": "^5.8.0",
        "vitest": "^3.2.0"
      }
    }
  }
}
